
Microsoft Visual Studio Solution File, Format Version 12.00
# Visual Studio Version 17
VisualStudioVersion = 17.14.36212.18 d17.14
MinimumVisualStudioVersion = 10.0.40219.1
Project("{FAE04EC0-301F-11D3-BF4B-00C04F79EFBC}") = "BibliotecaScolastica", "BibliotecaScolastica\BibliotecaScolastica.csproj", "{C362ED09-FEA1-4D32-ACD4-A2BEA2407413}"
EndProject
Global
	GlobalSection(SolutionConfigurationPlatforms) = preSolution
		Debug|Any CPU = Debug|Any CPU
		Release|Any CPU = Release|Any CPU
	EndGlobalSection
	GlobalSection(ProjectConfigurationPlatforms) = postSolution
		{C362ED09-FEA1-4D32-ACD4-A2BEA2407413}.Debug|Any CPU.ActiveCfg = Debug|Any CPU
		{C362ED09-FEA1-4D32-ACD4-A2BEA2407413}.Debug|Any CPU.Build.0 = Debug|Any CPU
		{C362ED09-FEA1-4D32-ACD4-A2BEA2407413}.Release|Any CPU.ActiveCfg = Release|Any CPU
		{C362ED09-FEA1-4D32-ACD4-A2BEA2407413}.Release|Any CPU.Build.0 = Release|Any CPU
	EndGlobalSection
	GlobalSection(SolutionProperties) = preSolution
		HideSolutionNode = FALSE
	EndGlobalSection
	GlobalSection(ExtensibilityGlobals) = postSolution
		SolutionGuid = {BFE143ED-2D26-4637-8C72-430C2DF9E9FE}
	EndGlobalSection
EndGlobal
